
Microsoft Visual Studio Solution File, Format Version 12.00
# Visual Studio Version 16
VisualStudioVersion = 16.0.29209.62
MinimumVisualStudioVersion = 10.0.40219.1
Project("{9A19103F-16F7-4668-BE54-9A1E7A4F7556}") = "GoodCompany.Web", "GoodCompany.Web\GoodCompany.Web.csproj", "{DD24E04E-E7E3-4758-A90A-D4DE5E542E64}"
EndProject
Project("{9A19103F-16F7-4668-BE54-9A1E7A4F7556}") = "GoodCompany.DAL", "GoodCompany.DAL\GoodCompany.DAL.csproj", "{A235042A-D211-4B6E-B95C-8513B60D9ABD}"
EndProject
Project("{9A19103F-16F7-4668-BE54-9A1E7A4F7556}") = "GoodCompany.Entity", "GoodCompany.Entity\GoodCompany.Entity.csproj", "{145724BE-E671-41FE-834E-654A575037A7}"
EndProject
Global
	GlobalSection(SolutionConfigurationPlatforms) = preSolution
		Debug|Any CPU = Debug|Any CPU
		Release|Any CPU = Release|Any CPU
	EndGlobalSection
	GlobalSection(ProjectConfigurationPlatforms) = postSolution
		{DD24E04E-E7E3-4758-A90A-D4DE5E542E64}.Debug|Any CPU.ActiveCfg = Debug|Any CPU
		{DD24E04E-E7E3-4758-A90A-D4DE5E542E64}.Debug|Any CPU.Build.0 = Debug|Any CPU
		{DD24E04E-E7E3-4758-A90A-D4DE5E542E64}.Release|Any CPU.ActiveCfg = Release|Any CPU
		{DD24E04E-E7E3-4758-A90A-D4DE5E542E64}.Release|Any CPU.Build.0 = Release|Any CPU
		{A235042A-D211-4B6E-B95C-8513B60D9ABD}.Debug|Any CPU.ActiveCfg = Debug|Any CPU
		{A235042A-D211-4B6E-B95C-8513B60D9ABD}.Debug|Any CPU.Build.0 = Debug|Any CPU
		{A235042A-D211-4B6E-B95C-8513B60D9ABD}.Release|Any CPU.ActiveCfg = Release|Any CPU
		{A235042A-D211-4B6E-B95C-8513B60D9ABD}.Release|Any CPU.Build.0 = Release|Any CPU
		{145724BE-E671-41FE-834E-654A575037A7}.Debug|Any CPU.ActiveCfg = Debug|Any CPU
		{145724BE-E671-41FE-834E-654A575037A7}.Debug|Any CPU.Build.0 = Debug|Any CPU
		{145724BE-E671-41FE-834E-654A575037A7}.Release|Any CPU.ActiveCfg = Release|Any CPU
		{145724BE-E671-41FE-834E-654A575037A7}.Release|Any CPU.Build.0 = Release|Any CPU
	EndGlobalSection
	GlobalSection(SolutionProperties) = preSolution
		HideSolutionNode = FALSE
	EndGlobalSection
	GlobalSection(ExtensibilityGlobals) = postSolution
		SolutionGuid = {3363BC84-AAC4-4522-B4CB-81B4627029E1}
	EndGlobalSection
EndGlobal
